
Microsoft Visual Studio Solution File, Format Version 12.00
# Visual Studio Version 17
VisualStudioVersion = 17.2.32505.173
MinimumVisualStudioVersion = 10.0.40219.1
Project("{9A19103F-16F7-4668-BE54-9A1E7A4F7556}") = "Presentation", "Presentation\Presentation.csproj", "{FF052268-8266-4090-8E1B-6C6DA92E673D}"
EndProject
Project("{2150E333-8FDC-42A3-9474-1A3956D46DE8}") = "ReadModel", "ReadModel", "{54D85D67-2468-4CEE-9EAD-4193A77CE31F}"
EndProject
Project("{2150E333-8FDC-42A3-9474-1A3956D46DE8}") = "WriteModel", "WriteModel", "{67A96E2F-1C12-430B-A465-A4BCB671BBAE}"
EndProject
Project("{9A19103F-16F7-4668-BE54-9A1E7A4F7556}") = "Application", "Application\Application.csproj", "{5A5AE70F-B776-498B-BBDF-18AAF0AD68EA}"
EndProject
Project("{9A19103F-16F7-4668-BE54-9A1E7A4F7556}") = "ApplicationContract", "ApplicationContract\ApplicationContract.csproj", "{DF1A8E88-7D1D-435D-8F9F-96C5E7E393FA}"
EndProject
Project("{2150E333-8FDC-42A3-9474-1A3956D46DE8}") = "Application", "Application", "{09BC34B2-04A8-4CE8-8CFD-5AE3B8A977EB}"
EndProject
Project("{2150E333-8FDC-42A3-9474-1A3956D46DE8}") = "Domain", "Domain", "{DFF1D050-C552-430F-AA67-3E01A13E039F}"
EndProject
Project("{9A19103F-16F7-4668-BE54-9A1E7A4F7556}") = "Domain", "Domain\Domain.csproj", "{844B3E05-2072-4EBC-9C4D-1D1E4AC154A8}"
EndProject
Project("{2150E333-8FDC-42A3-9474-1A3956D46DE8}") = "Infrastructure", "Infrastructure", "{BE950575-8347-49AC-8946-113D09E4391D}"
EndProject
Project("{9A19103F-16F7-4668-BE54-9A1E7A4F7556}") = "Infra", "Infra\Infra.csproj", "{0D4A96AB-E152-4D0B-982E-123D3F7D62EC}"
EndProject
Project("{9A19103F-16F7-4668-BE54-9A1E7A4F7556}") = "Services", "Services\Services.csproj", "{51411A74-548A-40A7-95FA-1FA83DA47E26}"
EndProject
Project("{9A19103F-16F7-4668-BE54-9A1E7A4F7556}") = "ServiceContracts", "ServiceContracts\ServiceContracts.csproj", "{3A3DB62D-FA70-4BF9-B10C-09B99CDC09DF}"
EndProject
Project("{9A19103F-16F7-4668-BE54-9A1E7A4F7556}") = "ReadInfra", "ReadInfra\ReadInfra.csproj", "{C80BC489-7238-4C08-9ECF-6B50ED077EEE}"
EndProject
Project("{2150E333-8FDC-42A3-9474-1A3956D46DE8}") = "Test", "Test", "{C336CDD3-3C6F-4408-8F72-C825D94320F5}"
EndProject
Project("{FAE04EC0-301F-11D3-BF4B-00C04F79EFBC}") = "CustomerTsts", "CustomerTsts\CustomerTsts.csproj", "{44B57769-F673-4727-B4F1-119DC0AA0E40}"
EndProject
Project("{2150E333-8FDC-42A3-9474-1A3956D46DE8}") = "Solution Items", "Solution Items", "{3F2DB47F-F1EC-4D4F-B447-7FDA28CBD3FE}"
	ProjectSection(SolutionItems) = preProject
		.editorconfig = .editorconfig
	EndProjectSection
EndProject
Global
	GlobalSection(SolutionConfigurationPlatforms) = preSolution
		Debug|Any CPU = Debug|Any CPU
		Release|Any CPU = Release|Any CPU
	EndGlobalSection
	GlobalSection(ProjectConfigurationPlatforms) = postSolution
		{FF052268-8266-4090-8E1B-6C6DA92E673D}.Debug|Any CPU.ActiveCfg = Debug|Any CPU
		{FF052268-8266-4090-8E1B-6C6DA92E673D}.Debug|Any CPU.Build.0 = Debug|Any CPU
		{FF052268-8266-4090-8E1B-6C6DA92E673D}.Release|Any CPU.ActiveCfg = Release|Any CPU
		{FF052268-8266-4090-8E1B-6C6DA92E673D}.Release|Any CPU.Build.0 = Release|Any CPU
		{5A5AE70F-B776-498B-BBDF-18AAF0AD68EA}.Debug|Any CPU.ActiveCfg = Debug|Any CPU
		{5A5AE70F-B776-498B-BBDF-18AAF0AD68EA}.Debug|Any CPU.Build.0 = Debug|Any CPU
		{5A5AE70F-B776-498B-BBDF-18AAF0AD68EA}.Release|Any CPU.ActiveCfg = Release|Any CPU
		{5A5AE70F-B776-498B-BBDF-18AAF0AD68EA}.Release|Any CPU.Build.0 = Release|Any CPU
		{DF1A8E88-7D1D-435D-8F9F-96C5E7E393FA}.Debug|Any CPU.ActiveCfg = Debug|Any CPU
		{DF1A8E88-7D1D-435D-8F9F-96C5E7E393FA}.Debug|Any CPU.Build.0 = Debug|Any CPU
		{DF1A8E88-7D1D-435D-8F9F-96C5E7E393FA}.Release|Any CPU.ActiveCfg = Release|Any CPU
		{DF1A8E88-7D1D-435D-8F9F-96C5E7E393FA}.Release|Any CPU.Build.0 = Release|Any CPU
		{844B3E05-2072-4EBC-9C4D-1D1E4AC154A8}.Debug|Any CPU.ActiveCfg = Debug|Any CPU
		{844B3E05-2072-4EBC-9C4D-1D1E4AC154A8}.Debug|Any CPU.Build.0 = Debug|Any CPU
		{844B3E05-2072-4EBC-9C4D-1D1E4AC154A8}.Release|Any CPU.ActiveCfg = Release|Any CPU
		{844B3E05-2072-4EBC-9C4D-1D1E4AC154A8}.Release|Any CPU.Build.0 = Release|Any CPU
		{0D4A96AB-E152-4D0B-982E-123D3F7D62EC}.Debug|Any CPU.ActiveCfg = Debug|Any CPU
		{0D4A96AB-E152-4D0B-982E-123D3F7D62EC}.Debug|Any CPU.Build.0 = Debug|Any CPU
		{0D4A96AB-E152-4D0B-982E-123D3F7D62EC}.Release|Any CPU.ActiveCfg = Release|Any CPU
		{0D4A96AB-E152-4D0B-982E-123D3F7D62EC}.Release|Any CPU.Build.0 = Release|Any CPU
		{51411A74-548A-40A7-95FA-1FA83DA47E26}.Debug|Any CPU.ActiveCfg = Debug|Any CPU
		{51411A74-548A-40A7-95FA-1FA83DA47E26}.Debug|Any CPU.Build.0 = Debug|Any CPU
		{51411A74-548A-40A7-95FA-1FA83DA47E26}.Release|Any CPU.ActiveCfg = Release|Any CPU
		{51411A74-548A-40A7-95FA-1FA83DA47E26}.Release|Any CPU.Build.0 = Release|Any CPU
		{3A3DB62D-FA70-4BF9-B10C-09B99CDC09DF}.Debug|Any CPU.ActiveCfg = Debug|Any CPU
		{3A3DB62D-FA70-4BF9-B10C-09B99CDC09DF}.Debug|Any CPU.Build.0 = Debug|Any CPU
		{3A3DB62D-FA70-4BF9-B10C-09B99CDC09DF}.Release|Any CPU.ActiveCfg = Release|Any CPU
		{3A3DB62D-FA70-4BF9-B10C-09B99CDC09DF}.Release|Any CPU.Build.0 = Release|Any CPU
		{C80BC489-7238-4C08-9ECF-6B50ED077EEE}.Debug|Any CPU.ActiveCfg = Debug|Any CPU
		{C80BC489-7238-4C08-9ECF-6B50ED077EEE}.Debug|Any CPU.Build.0 = Debug|Any CPU
		{C80BC489-7238-4C08-9ECF-6B50ED077EEE}.Release|Any CPU.ActiveCfg = Release|Any CPU
		{C80BC489-7238-4C08-9ECF-6B50ED077EEE}.Release|Any CPU.Build.0 = Release|Any CPU
		{44B57769-F673-4727-B4F1-119DC0AA0E40}.Debug|Any CPU.ActiveCfg = Debug|Any CPU
		{44B57769-F673-4727-B4F1-119DC0AA0E40}.Debug|Any CPU.Build.0 = Debug|Any CPU
		{44B57769-F673-4727-B4F1-119DC0AA0E40}.Release|Any CPU.ActiveCfg = Release|Any CPU
		{44B57769-F673-4727-B4F1-119DC0AA0E40}.Release|Any CPU.Build.0 = Release|Any CPU
	EndGlobalSection
	GlobalSection(SolutionProperties) = preSolution
		HideSolutionNode = FALSE
	EndGlobalSection
	GlobalSection(NestedProjects) = preSolution
		{5A5AE70F-B776-498B-BBDF-18AAF0AD68EA} = {09BC34B2-04A8-4CE8-8CFD-5AE3B8A977EB}
		{DF1A8E88-7D1D-435D-8F9F-96C5E7E393FA} = {09BC34B2-04A8-4CE8-8CFD-5AE3B8A977EB}
		{09BC34B2-04A8-4CE8-8CFD-5AE3B8A977EB} = {67A96E2F-1C12-430B-A465-A4BCB671BBAE}
		{DFF1D050-C552-430F-AA67-3E01A13E039F} = {67A96E2F-1C12-430B-A465-A4BCB671BBAE}
		{844B3E05-2072-4EBC-9C4D-1D1E4AC154A8} = {DFF1D050-C552-430F-AA67-3E01A13E039F}
		{BE950575-8347-49AC-8946-113D09E4391D} = {67A96E2F-1C12-430B-A465-A4BCB671BBAE}
		{0D4A96AB-E152-4D0B-982E-123D3F7D62EC} = {BE950575-8347-49AC-8946-113D09E4391D}
		{51411A74-548A-40A7-95FA-1FA83DA47E26} = {54D85D67-2468-4CEE-9EAD-4193A77CE31F}
		{3A3DB62D-FA70-4BF9-B10C-09B99CDC09DF} = {54D85D67-2468-4CEE-9EAD-4193A77CE31F}
		{C80BC489-7238-4C08-9ECF-6B50ED077EEE} = {54D85D67-2468-4CEE-9EAD-4193A77CE31F}
		{44B57769-F673-4727-B4F1-119DC0AA0E40} = {C336CDD3-3C6F-4408-8F72-C825D94320F5}
	EndGlobalSection
	GlobalSection(ExtensibilityGlobals) = postSolution
		SolutionGuid = {94684A2A-9CC6-41B3-B2EE-792BD67AFC8B}
	EndGlobalSection
EndGlobal
